// !$*UTF8*$!
{
	archiveVersion = 1;
	classes = {
	};
	objectVersion = 50;
	objects = {

/* Begin PBXBuildFile section */
		03E64AA725DA20420071C053 /* DummyCoordinator.swift in Sources */ = {isa = PBXBuildFile; fileRef = 03E64AA625DA20420071C053 /* DummyCoordinator.swift */; };
		03E64AAF25DA20580071C053 /* DummyRouter.swift in Sources */ = {isa = PBXBuildFile; fileRef = 03E64AAE25DA20580071C053 /* DummyRouter.swift */; };
		03E64AB425DA20950071C053 /* FakePresentable.swift in Sources */ = {isa = PBXBuildFile; fileRef = 03E64AB325DA20950071C053 /* FakePresentable.swift */; };
		03F0B38B25D21CC800694657 /* AppDelegate.swift in Sources */ = {isa = PBXBuildFile; fileRef = 03F0B38A25D21CC800694657 /* AppDelegate.swift */; };
		03F0B39425D21CCA00694657 /* Assets.xcassets in Resources */ = {isa = PBXBuildFile; fileRef = 03F0B39325D21CCA00694657 /* Assets.xcassets */; };
		03F0B39725D21CCA00694657 /* Launch.storyboard in Resources */ = {isa = PBXBuildFile; fileRef = 03F0B39525D21CCA00694657 /* Launch.storyboard */; };
		03F0B3AD25D21CCA00694657 /* SimpleChatUITests.swift in Sources */ = {isa = PBXBuildFile; fileRef = 03F0B3AC25D21CCA00694657 /* SimpleChatUITests.swift */; };
		03F0B3D025D22E2600694657 /* FakeAppDelegate.swift in Sources */ = {isa = PBXBuildFile; fileRef = 03F0B3CF25D22E2600694657 /* FakeAppDelegate.swift */; };
		03F0B3D525D22E4500694657 /* main.swift in Sources */ = {isa = PBXBuildFile; fileRef = 03F0B3D425D22E4500694657 /* main.swift */; };
		03F0B42325D271DA00694657 /* Coordinator.swift in Sources */ = {isa = PBXBuildFile; fileRef = 03F0B42225D271DA00694657 /* Coordinator.swift */; };
		03F0B44F25D284CB00694657 /* Router.swift in Sources */ = {isa = PBXBuildFile; fileRef = 03F0B44E25D284CB00694657 /* Router.swift */; };
		03F0B45F25D2885600694657 /* CoordinatorAllocatable.swift in Sources */ = {isa = PBXBuildFile; fileRef = 03F0B45E25D2885600694657 /* CoordinatorAllocatable.swift */; };
		03F0B46425D288F000694657 /* CoordinatorAllocator.swift in Sources */ = {isa = PBXBuildFile; fileRef = 03F0B46325D288F000694657 /* CoordinatorAllocator.swift */; };
		03F0B46925D2A89900694657 /* AppRouter.swift in Sources */ = {isa = PBXBuildFile; fileRef = 03F0B46825D2A89900694657 /* AppRouter.swift */; };
		03F0B46E25D2A91B00694657 /* AppCoordinator.swift in Sources */ = {isa = PBXBuildFile; fileRef = 03F0B46D25D2A91B00694657 /* AppCoordinator.swift */; };
		03F0B47425D2A97600694657 /* HomeCoordinator.swift in Sources */ = {isa = PBXBuildFile; fileRef = 03F0B47325D2A97600694657 /* HomeCoordinator.swift */; };
		03F0B47C25D2A9AA00694657 /* Home.storyboard in Resources */ = {isa = PBXBuildFile; fileRef = 03F0B47B25D2A9AA00694657 /* Home.storyboard */; };
		03F0B48325D2A9C900694657 /* HomeViewController.swift in Sources */ = {isa = PBXBuildFile; fileRef = 03F0B48225D2A9C900694657 /* HomeViewController.swift */; };
		03F0B48B25D2A9E400694657 /* HomeViewModel.swift in Sources */ = {isa = PBXBuildFile; fileRef = 03F0B48A25D2A9E400694657 /* HomeViewModel.swift */; };
		03F0B4A925D2CAD700694657 /* UIViewController+StoryboardInstanceable.swift in Sources */ = {isa = PBXBuildFile; fileRef = 03F0B4A825D2CAD700694657 /* UIViewController+StoryboardInstanceable.swift */; };
		03F0B4F125D36B0700694657 /* StoryboardInstanceable.swift in Sources */ = {isa = PBXBuildFile; fileRef = 03F0B4F025D36B0700694657 /* StoryboardInstanceable.swift */; };
		03F0B50325D36FD900694657 /* Presentable.swift in Sources */ = {isa = PBXBuildFile; fileRef = 03F0B50225D36FD900694657 /* Presentable.swift */; };
		03F0B51425D3AC0D00694657 /* UIViewController+Presentable.swift in Sources */ = {isa = PBXBuildFile; fileRef = 03F0B51325D3AC0D00694657 /* UIViewController+Presentable.swift */; };
/* End PBXBuildFile section */

/* Begin PBXContainerItemProxy section */
		03F0B39E25D21CCA00694657 /* PBXContainerItemProxy */ = {
			isa = PBXContainerItemProxy;
			containerPortal = 03F0B37F25D21CC700694657 /* Project object */;
			proxyType = 1;
			remoteGlobalIDString = 03F0B38625D21CC800694657;
			remoteInfo = SimpleChat;
		};
		03F0B3A925D21CCA00694657 /* PBXContainerItemProxy */ = {
			isa = PBXContainerItemProxy;
			containerPortal = 03F0B37F25D21CC700694657 /* Project object */;
			proxyType = 1;
			remoteGlobalIDString = 03F0B38625D21CC800694657;
			remoteInfo = SimpleChat;
		};
/* End PBXContainerItemProxy section */

/* Begin PBXFileReference section */
		03E64AA625DA20420071C053 /* DummyCoordinator.swift */ = {isa = PBXFileReference; lastKnownFileType = sourcecode.swift; path = DummyCoordinator.swift; sourceTree = "<group>"; };
		03E64AAE25DA20580071C053 /* DummyRouter.swift */ = {isa = PBXFileReference; lastKnownFileType = sourcecode.swift; path = DummyRouter.swift; sourceTree = "<group>"; };
		03E64AB325DA20950071C053 /* FakePresentable.swift */ = {isa = PBXFileReference; lastKnownFileType = sourcecode.swift; path = FakePresentable.swift; sourceTree = "<group>"; };
		03F0B38725D21CC800694657 /* SimpleChat.app */ = {isa = PBXFileReference; explicitFileType = wrapper.application; includeInIndex = 0; path = SimpleChat.app; sourceTree = BUILT_PRODUCTS_DIR; };
		03F0B38A25D21CC800694657 /* AppDelegate.swift */ = {isa = PBXFileReference; lastKnownFileType = sourcecode.swift; path = AppDelegate.swift; sourceTree = "<group>"; };
		03F0B39325D21CCA00694657 /* Assets.xcassets */ = {isa = PBXFileReference; lastKnownFileType = folder.assetcatalog; path = Assets.xcassets; sourceTree = "<group>"; };
		03F0B39625D21CCA00694657 /* Base */ = {isa = PBXFileReference; lastKnownFileType = file.storyboard; name = Base; path = Base.lproj/Launch.storyboard; sourceTree = "<group>"; };
		03F0B39825D21CCA00694657 /* Info.plist */ = {isa = PBXFileReference; lastKnownFileType = text.plist.xml; path = Info.plist; sourceTree = "<group>"; };
		03F0B39D25D21CCA00694657 /* SimpleChatTests.xctest */ = {isa = PBXFileReference; explicitFileType = wrapper.cfbundle; includeInIndex = 0; path = SimpleChatTests.xctest; sourceTree = BUILT_PRODUCTS_DIR; };
		03F0B3A325D21CCA00694657 /* Info.plist */ = {isa = PBXFileReference; lastKnownFileType = text.plist.xml; path = Info.plist; sourceTree = "<group>"; };
		03F0B3A825D21CCA00694657 /* SimpleChatUITests.xctest */ = {isa = PBXFileReference; explicitFileType = wrapper.cfbundle; includeInIndex = 0; path = SimpleChatUITests.xctest; sourceTree = BUILT_PRODUCTS_DIR; };
		03F0B3AC25D21CCA00694657 /* SimpleChatUITests.swift */ = {isa = PBXFileReference; lastKnownFileType = sourcecode.swift; path = SimpleChatUITests.swift; sourceTree = "<group>"; };
		03F0B3AE25D21CCA00694657 /* Info.plist */ = {isa = PBXFileReference; lastKnownFileType = text.plist.xml; path = Info.plist; sourceTree = "<group>"; };
		03F0B3CF25D22E2600694657 /* FakeAppDelegate.swift */ = {isa = PBXFileReference; lastKnownFileType = sourcecode.swift; path = FakeAppDelegate.swift; sourceTree = "<group>"; };
		03F0B3D425D22E4500694657 /* main.swift */ = {isa = PBXFileReference; lastKnownFileType = sourcecode.swift; path = main.swift; sourceTree = "<group>"; };
		03F0B42225D271DA00694657 /* Coordinator.swift */ = {isa = PBXFileReference; lastKnownFileType = sourcecode.swift; path = Coordinator.swift; sourceTree = "<group>"; };
		03F0B44E25D284CB00694657 /* Router.swift */ = {isa = PBXFileReference; lastKnownFileType = sourcecode.swift; path = Router.swift; sourceTree = "<group>"; };
		03F0B45E25D2885600694657 /* CoordinatorAllocatable.swift */ = {isa = PBXFileReference; lastKnownFileType = sourcecode.swift; path = CoordinatorAllocatable.swift; sourceTree = "<group>"; };
		03F0B46325D288F000694657 /* CoordinatorAllocator.swift */ = {isa = PBXFileReference; lastKnownFileType = sourcecode.swift; path = CoordinatorAllocator.swift; sourceTree = "<group>"; };
		03F0B46825D2A89900694657 /* AppRouter.swift */ = {isa = PBXFileReference; lastKnownFileType = sourcecode.swift; path = AppRouter.swift; sourceTree = "<group>"; };
		03F0B46D25D2A91B00694657 /* AppCoordinator.swift */ = {isa = PBXFileReference; lastKnownFileType = sourcecode.swift; path = AppCoordinator.swift; sourceTree = "<group>"; };
		03F0B47325D2A97600694657 /* HomeCoordinator.swift */ = {isa = PBXFileReference; lastKnownFileType = sourcecode.swift; path = HomeCoordinator.swift; sourceTree = "<group>"; };
		03F0B47B25D2A9AA00694657 /* Home.storyboard */ = {isa = PBXFileReference; lastKnownFileType = file.storyboard; path = Home.storyboard; sourceTree = "<group>"; };
		03F0B48225D2A9C900694657 /* HomeViewController.swift */ = {isa = PBXFileReference; lastKnownFileType = sourcecode.swift; path = HomeViewController.swift; sourceTree = "<group>"; };
		03F0B48A25D2A9E400694657 /* HomeViewModel.swift */ = {isa = PBXFileReference; lastKnownFileType = sourcecode.swift; path = HomeViewModel.swift; sourceTree = "<group>"; };
		03F0B4A825D2CAD700694657 /* UIViewController+StoryboardInstanceable.swift */ = {isa = PBXFileReference; lastKnownFileType = sourcecode.swift; path = "UIViewController+StoryboardInstanceable.swift"; sourceTree = "<group>"; };
		03F0B4F025D36B0700694657 /* StoryboardInstanceable.swift */ = {isa = PBXFileReference; lastKnownFileType = sourcecode.swift; path = StoryboardInstanceable.swift; sourceTree = "<group>"; };
		03F0B50225D36FD900694657 /* Presentable.swift */ = {isa = PBXFileReference; lastKnownFileType = sourcecode.swift; path = Presentable.swift; sourceTree = "<group>"; };
		03F0B51325D3AC0D00694657 /* UIViewController+Presentable.swift */ = {isa = PBXFileReference; lastKnownFileType = sourcecode.swift; path = "UIViewController+Presentable.swift"; sourceTree = "<group>"; };
/* End PBXFileReference section */

/* Begin PBXFrameworksBuildPhase section */
		03F0B38425D21CC800694657 /* Frameworks */ = {
			isa = PBXFrameworksBuildPhase;
			buildActionMask = 2147483647;
			files = (
			);
			runOnlyForDeploymentPostprocessing = 0;
		};
		03F0B39A25D21CCA00694657 /* Frameworks */ = {
			isa = PBXFrameworksBuildPhase;
			buildActionMask = 2147483647;
			files = (
			);
			runOnlyForDeploymentPostprocessing = 0;
		};
		03F0B3A525D21CCA00694657 /* Frameworks */ = {
			isa = PBXFrameworksBuildPhase;
			buildActionMask = 2147483647;
			files = (
			);
			runOnlyForDeploymentPostprocessing = 0;
		};
/* End PBXFrameworksBuildPhase section */

/* Begin PBXGroup section */
		03E64A7325DA07A10071C053 /* Common */ = {
			isa = PBXGroup;
			children = (
				03F0B4F025D36B0700694657 /* StoryboardInstanceable.swift */,
			);
			path = Common;
			sourceTree = "<group>";
		};
		03E64A8325DA150F0071C053 /* Support */ = {
			isa = PBXGroup;
			children = (
				03F0B3A325D21CCA00694657 /* Info.plist */,
			);
			name = Support;
			sourceTree = "<group>";
		};
		03E64A8425DA15180071C053 /* Support */ = {
			isa = PBXGroup;
			children = (
				03F0B3AE25D21CCA00694657 /* Info.plist */,
			);
			name = Support;
			sourceTree = "<group>";
		};
		03E64AA525DA200C0071C053 /* TestDoubles */ = {
			isa = PBXGroup;
			children = (
				03E64ACA25DA36840071C053 /* Navigation */,
			);
			path = TestDoubles;
			sourceTree = "<group>";
		};
		03E64ACA25DA36840071C053 /* Navigation */ = {
			isa = PBXGroup;
			children = (
				03E64AA625DA20420071C053 /* DummyCoordinator.swift */,
				03E64AAE25DA20580071C053 /* DummyRouter.swift */,
				03E64AB325DA20950071C053 /* FakePresentable.swift */,
			);
			path = Navigation;
			sourceTree = "<group>";
		};
		03F0B37E25D21CC700694657 = {
			isa = PBXGroup;
			children = (
				03F0B38925D21CC800694657 /* SimpleChat */,
				03F0B3A025D21CCA00694657 /* SimpleChatTests */,
				03F0B3AB25D21CCA00694657 /* SimpleChatUITests */,
				03F0B38825D21CC800694657 /* Products */,
			);
			sourceTree = "<group>";
		};
		03F0B38825D21CC800694657 /* Products */ = {
			isa = PBXGroup;
			children = (
				03F0B38725D21CC800694657 /* SimpleChat.app */,
				03F0B39D25D21CCA00694657 /* SimpleChatTests.xctest */,
				03F0B3A825D21CCA00694657 /* SimpleChatUITests.xctest */,
			);
			name = Products;
			sourceTree = "<group>";
		};
		03F0B38925D21CC800694657 /* SimpleChat */ = {
			isa = PBXGroup;
			children = (
				03F0B41A25D2713C00694657 /* Application */,
				03F0B41925D2712F00694657 /* Resources */,
				03F0B41825D2711600694657 /* Support */,
			);
			path = SimpleChat;
			sourceTree = "<group>";
		};
		03F0B3A025D21CCA00694657 /* SimpleChatTests */ = {
			isa = PBXGroup;
			children = (
				03E64AA525DA200C0071C053 /* TestDoubles */,
				03E64A8325DA150F0071C053 /* Support */,
			);
			path = SimpleChatTests;
			sourceTree = "<group>";
		};
		03F0B3AB25D21CCA00694657 /* SimpleChatUITests */ = {
			isa = PBXGroup;
			children = (
				03F0B3AC25D21CCA00694657 /* SimpleChatUITests.swift */,
				03E64A8425DA15180071C053 /* Support */,
			);
			path = SimpleChatUITests;
			sourceTree = "<group>";
		};
		03F0B41825D2711600694657 /* Support */ = {
			isa = PBXGroup;
			children = (
				03F0B39825D21CCA00694657 /* Info.plist */,
			);
			name = Support;
			sourceTree = "<group>";
		};
		03F0B41925D2712F00694657 /* Resources */ = {
			isa = PBXGroup;
			children = (
				03F0B39325D21CCA00694657 /* Assets.xcassets */,
			);
			path = Resources;
			sourceTree = "<group>";
		};
		03F0B41A25D2713C00694657 /* Application */ = {
			isa = PBXGroup;
			children = (
				03F0B3D425D22E4500694657 /* main.swift */,
				03F0B38A25D21CC800694657 /* AppDelegate.swift */,
				03F0B3CF25D22E2600694657 /* FakeAppDelegate.swift */,
				03E64A7325DA07A10071C053 /* Common */,
				03F0B4A725D2CAA600694657 /* Extensions */,
				03F0B42025D271A700694657 /* Navigation */,
				03F0B41B25D2714C00694657 /* Scenes */,
			);
			path = Application;
			sourceTree = "<group>";
		};
		03F0B41B25D2714C00694657 /* Scenes */ = {
			isa = PBXGroup;
			children = (
				03F0B46D25D2A91B00694657 /* AppCoordinator.swift */,
				03F0B47225D2A96B00694657 /* Home */,
				03F0B41C25D2715300694657 /* Launch */,
			);
			path = Scenes;
			sourceTree = "<group>";
		};
		03F0B41C25D2715300694657 /* Launch */ = {
			isa = PBXGroup;
			children = (
				03F0B39525D21CCA00694657 /* Launch.storyboard */,
			);
			path = Launch;
			sourceTree = "<group>";
		};
		03F0B42025D271A700694657 /* Navigation */ = {
			isa = PBXGroup;
			children = (
				03F0B50125D36FCB00694657 /* Router */,
				03F0B50025D36F8C00694657 /* Coordinator */,
			);
			path = Navigation;
			sourceTree = "<group>";
		};
		03F0B47225D2A96B00694657 /* Home */ = {
			isa = PBXGroup;
			children = (
				03F0B47B25D2A9AA00694657 /* Home.storyboard */,
				03F0B47325D2A97600694657 /* HomeCoordinator.swift */,
				03F0B48025D2A9B200694657 /* ViewControllers */,
				03F0B48125D2A9BA00694657 /* ViewModels */,
			);
			path = Home;
			sourceTree = "<group>";
		};
		03F0B48025D2A9B200694657 /* ViewControllers */ = {
			isa = PBXGroup;
			children = (
				03F0B48225D2A9C900694657 /* HomeViewController.swift */,
			);
			path = ViewControllers;
			sourceTree = "<group>";
		};
		03F0B48125D2A9BA00694657 /* ViewModels */ = {
			isa = PBXGroup;
			children = (
				03F0B48A25D2A9E400694657 /* HomeViewModel.swift */,
			);
			path = ViewModels;
			sourceTree = "<group>";
		};
		03F0B4A725D2CAA600694657 /* Extensions */ = {
			isa = PBXGroup;
			children = (
				03F0B51325D3AC0D00694657 /* UIViewController+Presentable.swift */,
				03F0B4A825D2CAD700694657 /* UIViewController+StoryboardInstanceable.swift */,
			);
			path = Extensions;
			sourceTree = "<group>";
		};
		03F0B50025D36F8C00694657 /* Coordinator */ = {
			isa = PBXGroup;
			children = (
				03F0B42225D271DA00694657 /* Coordinator.swift */,
				03F0B45E25D2885600694657 /* CoordinatorAllocatable.swift */,
				03F0B46325D288F000694657 /* CoordinatorAllocator.swift */,
			);
			path = Coordinator;
			sourceTree = "<group>";
		};
		03F0B50125D36FCB00694657 /* Router */ = {
			isa = PBXGroup;
			children = (
				03F0B46825D2A89900694657 /* AppRouter.swift */,
				03F0B50225D36FD900694657 /* Presentable.swift */,
				03F0B44E25D284CB00694657 /* Router.swift */,
			);
			path = Router;
			sourceTree = "<group>";
		};
/* End PBXGroup section */

/* Begin PBXNativeTarget section */
		03F0B38625D21CC800694657 /* SimpleChat */ = {
			isa = PBXNativeTarget;
			buildConfigurationList = 03F0B3B125D21CCA00694657 /* Build configuration list for PBXNativeTarget "SimpleChat" */;
			buildPhases = (
				03F0B38325D21CC800694657 /* Sources */,
				03F0B38425D21CC800694657 /* Frameworks */,
				03F0B38525D21CC800694657 /* Resources */,
				03F0B49D25D2B1D500694657 /* Run SwiftLint */,
			);
			buildRules = (
			);
			dependencies = (
			);
			name = SimpleChat;
			productName = SimpleChat;
			productReference = 03F0B38725D21CC800694657 /* SimpleChat.app */;
			productType = "com.apple.product-type.application";
		};
		03F0B39C25D21CCA00694657 /* SimpleChatTests */ = {
			isa = PBXNativeTarget;
			buildConfigurationList = 03F0B3B425D21CCA00694657 /* Build configuration list for PBXNativeTarget "SimpleChatTests" */;
			buildPhases = (
				03F0B39925D21CCA00694657 /* Sources */,
				03F0B39A25D21CCA00694657 /* Frameworks */,
				03F0B39B25D21CCA00694657 /* Resources */,
			);
			buildRules = (
			);
			dependencies = (
				03F0B39F25D21CCA00694657 /* PBXTargetDependency */,
			);
			name = SimpleChatTests;
			productName = SimpleChatTests;
			productReference = 03F0B39D25D21CCA00694657 /* SimpleChatTests.xctest */;
			productType = "com.apple.product-type.bundle.unit-test";
		};
		03F0B3A725D21CCA00694657 /* SimpleChatUITests */ = {
			isa = PBXNativeTarget;
			buildConfigurationList = 03F0B3B725D21CCA00694657 /* Build configuration list for PBXNativeTarget "SimpleChatUITests" */;
			buildPhases = (
				03F0B3A425D21CCA00694657 /* Sources */,
				03F0B3A525D21CCA00694657 /* Frameworks */,
				03F0B3A625D21CCA00694657 /* Resources */,
			);
			buildRules = (
			);
			dependencies = (
				03F0B3AA25D21CCA00694657 /* PBXTargetDependency */,
			);
			name = SimpleChatUITests;
			productName = SimpleChatUITests;
			productReference = 03F0B3A825D21CCA00694657 /* SimpleChatUITests.xctest */;
			productType = "com.apple.product-type.bundle.ui-testing";
		};
/* End PBXNativeTarget section */

/* Begin PBXProject section */
		03F0B37F25D21CC700694657 /* Project object */ = {
			isa = PBXProject;
			attributes = {
				LastSwiftUpdateCheck = 1240;
				LastUpgradeCheck = 1240;
				TargetAttributes = {
					03F0B38625D21CC800694657 = {
						CreatedOnToolsVersion = 12.4;
					};
					03F0B39C25D21CCA00694657 = {
						CreatedOnToolsVersion = 12.4;
						TestTargetID = 03F0B38625D21CC800694657;
					};
					03F0B3A725D21CCA00694657 = {
						CreatedOnToolsVersion = 12.4;
						TestTargetID = 03F0B38625D21CC800694657;
					};
				};
			};
			buildConfigurationList = 03F0B38225D21CC700694657 /* Build configuration list for PBXProject "SimpleChat" */;
			compatibilityVersion = "Xcode 9.3";
			developmentRegion = en;
			hasScannedForEncodings = 0;
			knownRegions = (
				en,
				Base,
			);
			mainGroup = 03F0B37E25D21CC700694657;
			productRefGroup = 03F0B38825D21CC800694657 /* Products */;
			projectDirPath = "";
			projectRoot = "";
			targets = (
				03F0B38625D21CC800694657 /* SimpleChat */,
				03F0B39C25D21CCA00694657 /* SimpleChatTests */,
				03F0B3A725D21CCA00694657 /* SimpleChatUITests */,
			);
		};
/* End PBXProject section */

/* Begin PBXResourcesBuildPhase section */
		03F0B38525D21CC800694657 /* Resources */ = {
			isa = PBXResourcesBuildPhase;
			buildActionMask = 2147483647;
			files = (
				03F0B47C25D2A9AA00694657 /* Home.storyboard in Resources */,
				03F0B39725D21CCA00694657 /* Launch.storyboard in Resources */,
				03F0B39425D21CCA00694657 /* Assets.xcassets in Resources */,
			);
			runOnlyForDeploymentPostprocessing = 0;
		};
		03F0B39B25D21CCA00694657 /* Resources */ = {
			isa = PBXResourcesBuildPhase;
			buildActionMask = 2147483647;
			files = (
			);
			runOnlyForDeploymentPostprocessing = 0;
		};
		03F0B3A625D21CCA00694657 /* Resources */ = {
			isa = PBXResourcesBuildPhase;
			buildActionMask = 2147483647;
			files = (
			);
			runOnlyForDeploymentPostprocessing = 0;
		};
/* End PBXResourcesBuildPhase section */

/* Begin PBXShellScriptBuildPhase section */
		03F0B49D25D2B1D500694657 /* Run SwiftLint */ = {
			isa = PBXShellScriptBuildPhase;
			buildActionMask = 2147483647;
			files = (
			);
			inputFileListPaths = (
			);
			inputPaths = (
			);
			name = "Run SwiftLint";
			outputFileListPaths = (
			);
			outputPaths = (
			);
			runOnlyForDeploymentPostprocessing = 0;
			shellPath = /bin/sh;
			shellScript = "if which swiftlint >/dev/null; then\n  swiftlint\nelse\n  echo \"warning: SwiftLint not installed.\"\nfi\n";
		};
/* End PBXShellScriptBuildPhase section */

/* Begin PBXSourcesBuildPhase section */
		03F0B38325D21CC800694657 /* Sources */ = {
			isa = PBXSourcesBuildPhase;
			buildActionMask = 2147483647;
			files = (
				03F0B46425D288F000694657 /* CoordinatorAllocator.swift in Sources */,
				03F0B42325D271DA00694657 /* Coordinator.swift in Sources */,
				03F0B51425D3AC0D00694657 /* UIViewController+Presentable.swift in Sources */,
				03F0B38B25D21CC800694657 /* AppDelegate.swift in Sources */,
				03F0B44F25D284CB00694657 /* Router.swift in Sources */,
				03F0B46925D2A89900694657 /* AppRouter.swift in Sources */,
				03F0B45F25D2885600694657 /* CoordinatorAllocatable.swift in Sources */,
				03F0B46E25D2A91B00694657 /* AppCoordinator.swift in Sources */,
				03F0B4F125D36B0700694657 /* StoryboardInstanceable.swift in Sources */,
				03F0B50325D36FD900694657 /* Presentable.swift in Sources */,
				03F0B4A925D2CAD700694657 /* UIViewController+StoryboardInstanceable.swift in Sources */,
				03F0B48B25D2A9E400694657 /* HomeViewModel.swift in Sources */,
				03F0B48325D2A9C900694657 /* HomeViewController.swift in Sources */,
				03F0B47425D2A97600694657 /* HomeCoordinator.swift in Sources */,
				03F0B3D025D22E2600694657 /* FakeAppDelegate.swift in Sources */,
				03F0B3D525D22E4500694657 /* main.swift in Sources */,
			);
			runOnlyForDeploymentPostprocessing = 0;
		};
		03F0B39925D21CCA00694657 /* Sources */ = {
			isa = PBXSourcesBuildPhase;
			buildActionMask = 2147483647;
			files = (
				03E64AAF25DA20580071C053 /* DummyRouter.swift in Sources */,
				03E64AB425DA20950071C053 /* FakePresentable.swift in Sources */,
				03E64AA725DA20420071C053 /* DummyCoordinator.swift in Sources */,
			);
			runOnlyForDeploymentPostprocessing = 0;
		};
		03F0B3A425D21CCA00694657 /* Sources */ = {
			isa = PBXSourcesBuildPhase;
			buildActionMask = 2147483647;
			files = (
				03F0B3AD25D21CCA00694657 /* SimpleChatUITests.swift in Sources */,
			);
			runOnlyForDeploymentPostprocessing = 0;
		};
/* End PBXSourcesBuildPhase section */

/* Begin PBXTargetDependency section */
		03F0B39F25D21CCA00694657 /* PBXTargetDependency */ = {
			isa = PBXTargetDependency;
			target = 03F0B38625D21CC800694657 /* SimpleChat */;
			targetProxy = 03F0B39E25D21CCA00694657 /* PBXContainerItemProxy */;
		};
		03F0B3AA25D21CCA00694657 /* PBXTargetDependency */ = {
			isa = PBXTargetDependency;
			target = 03F0B38625D21CC800694657 /* SimpleChat */;
			targetProxy = 03F0B3A925D21CCA00694657 /* PBXContainerItemProxy */;
		};
/* End PBXTargetDependency section */

/* Begin PBXVariantGroup section */
		03F0B39525D21CCA00694657 /* Launch.storyboard */ = {
			isa = PBXVariantGroup;
			children = (
				03F0B39625D21CCA00694657 /* Base */,
			);
			name = Launch.storyboard;
			sourceTree = "<group>";
		};
/* End PBXVariantGroup section */

/* Begin XCBuildConfiguration section */
		03F0B3AF25D21CCA00694657 /* Debug */ = {
			isa = XCBuildConfiguration;
			buildSettings = {
				ALWAYS_SEARCH_USER_PATHS = NO;
				CLANG_ANALYZER_NONNULL = YES;
				CLANG_ANALYZER_NUMBER_OBJECT_CONVERSION = YES_AGGRESSIVE;
				CLANG_CXX_LANGUAGE_STANDARD = "gnu++14";
				CLANG_CXX_LIBRARY = "libc++";
				CLANG_ENABLE_MODULES = YES;
				CLANG_ENABLE_OBJC_ARC = YES;
				CLANG_ENABLE_OBJC_WEAK = YES;
				CLANG_WARN_BLOCK_CAPTURE_AUTORELEASING = YES;
				CLANG_WARN_BOOL_CONVERSION = YES;
				CLANG_WARN_COMMA = YES;
				CLANG_WARN_CONSTANT_CONVERSION = YES;
				CLANG_WARN_DEPRECATED_OBJC_IMPLEMENTATIONS = YES;
				CLANG_WARN_DIRECT_OBJC_ISA_USAGE = YES_ERROR;
				CLANG_WARN_DOCUMENTATION_COMMENTS = YES;
				CLANG_WARN_EMPTY_BODY = YES;
				CLANG_WARN_ENUM_CONVERSION = YES;
				CLANG_WARN_INFINITE_RECURSION = YES;
				CLANG_WARN_INT_CONVERSION = YES;
				CLANG_WARN_NON_LITERAL_NULL_CONVERSION = YES;
				CLANG_WARN_OBJC_IMPLICIT_RETAIN_SELF = YES;
				CLANG_WARN_OBJC_LITERAL_CONVERSION = YES;
				CLANG_WARN_OBJC_ROOT_CLASS = YES_ERROR;
				CLANG_WARN_QUOTED_INCLUDE_IN_FRAMEWORK_HEADER = YES;
				CLANG_WARN_RANGE_LOOP_ANALYSIS = YES;
				CLANG_WARN_STRICT_PROTOTYPES = YES;
				CLANG_WARN_SUSPICIOUS_MOVE = YES;
				CLANG_WARN_UNGUARDED_AVAILABILITY = YES_AGGRESSIVE;
				CLANG_WARN_UNREACHABLE_CODE = YES;
				CLANG_WARN__DUPLICATE_METHOD_MATCH = YES;
				COPY_PHASE_STRIP = NO;
				DEBUG_INFORMATION_FORMAT = dwarf;
				ENABLE_STRICT_OBJC_MSGSEND = YES;
				ENABLE_TESTABILITY = YES;
				GCC_C_LANGUAGE_STANDARD = gnu11;
				GCC_DYNAMIC_NO_PIC = NO;
				GCC_NO_COMMON_BLOCKS = YES;
				GCC_OPTIMIZATION_LEVEL = 0;
				GCC_PREPROCESSOR_DEFINITIONS = (
					"DEBUG=1",
					"$(inherited)",
				);
				GCC_WARN_64_TO_32_BIT_CONVERSION = YES;
				GCC_WARN_ABOUT_RETURN_TYPE = YES_ERROR;
				GCC_WARN_UNDECLARED_SELECTOR = YES;
				GCC_WARN_UNINITIALIZED_AUTOS = YES_AGGRESSIVE;
				GCC_WARN_UNUSED_FUNCTION = YES;
				GCC_WARN_UNUSED_VARIABLE = YES;
				IPHONEOS_DEPLOYMENT_TARGET = 14.4;
				MTL_ENABLE_DEBUG_INFO = INCLUDE_SOURCE;
				MTL_FAST_MATH = YES;
				ONLY_ACTIVE_ARCH = YES;
				SDKROOT = iphoneos;
				SWIFT_ACTIVE_COMPILATION_CONDITIONS = DEBUG;
				SWIFT_OPTIMIZATION_LEVEL = "-Onone";
				SWIFT_VERSION = 5.0;
			};
			name = Debug;
		};
		03F0B3B025D21CCA00694657 /* Release */ = {
			isa = XCBuildConfiguration;
			buildSettings = {
				ALWAYS_SEARCH_USER_PATHS = NO;
				CLANG_ANALYZER_NONNULL = YES;
				CLANG_ANALYZER_NUMBER_OBJECT_CONVERSION = YES_AGGRESSIVE;
				CLANG_CXX_LANGUAGE_STANDARD = "gnu++14";
				CLANG_CXX_LIBRARY = "libc++";
				CLANG_ENABLE_MODULES = YES;
				CLANG_ENABLE_OBJC_ARC = YES;
				CLANG_ENABLE_OBJC_WEAK = YES;
				CLANG_WARN_BLOCK_CAPTURE_AUTORELEASING = YES;
				CLANG_WARN_BOOL_CONVERSION = YES;
				CLANG_WARN_COMMA = YES;
				CLANG_WARN_CONSTANT_CONVERSION = YES;
				CLANG_WARN_DEPRECATED_OBJC_IMPLEMENTATIONS = YES;
				CLANG_WARN_DIRECT_OBJC_ISA_USAGE = YES_ERROR;
				CLANG_WARN_DOCUMENTATION_COMMENTS = YES;
				CLANG_WARN_EMPTY_BODY = YES;
				CLANG_WARN_ENUM_CONVERSION = YES;
				CLANG_WARN_INFINITE_RECURSION = YES;
				CLANG_WARN_INT_CONVERSION = YES;
				CLANG_WARN_NON_LITERAL_NULL_CONVERSION = YES;
				CLANG_WARN_OBJC_IMPLICIT_RETAIN_SELF = YES;
				CLANG_WARN_OBJC_LITERAL_CONVERSION = YES;
				CLANG_WARN_OBJC_ROOT_CLASS = YES_ERROR;
				CLANG_WARN_QUOTED_INCLUDE_IN_FRAMEWORK_HEADER = YES;
				CLANG_WARN_RANGE_LOOP_ANALYSIS = YES;
				CLANG_WARN_STRICT_PROTOTYPES = YES;
				CLANG_WARN_SUSPICIOUS_MOVE = YES;
				CLANG_WARN_UNGUARDED_AVAILABILITY = YES_AGGRESSIVE;
				CLANG_WARN_UNREACHABLE_CODE = YES;
				CLANG_WARN__DUPLICATE_METHOD_MATCH = YES;
				COPY_PHASE_STRIP = NO;
				DEBUG_INFORMATION_FORMAT = "dwarf-with-dsym";
				ENABLE_NS_ASSERTIONS = NO;
				ENABLE_STRICT_OBJC_MSGSEND = YES;
				GCC_C_LANGUAGE_STANDARD = gnu11;
				GCC_NO_COMMON_BLOCKS = YES;
				GCC_WARN_64_TO_32_BIT_CONVERSION = YES;
				GCC_WARN_ABOUT_RETURN_TYPE = YES_ERROR;
				GCC_WARN_UNDECLARED_SELECTOR = YES;
				GCC_WARN_UNINITIALIZED_AUTOS = YES_AGGRESSIVE;
				GCC_WARN_UNUSED_FUNCTION = YES;
				GCC_WARN_UNUSED_VARIABLE = YES;
				IPHONEOS_DEPLOYMENT_TARGET = 14.4;
				MTL_ENABLE_DEBUG_INFO = NO;
				MTL_FAST_MATH = YES;
				SDKROOT = iphoneos;
				SWIFT_COMPILATION_MODE = wholemodule;
				SWIFT_OPTIMIZATION_LEVEL = "-O";
				SWIFT_VERSION = 5.0;
				VALIDATE_PRODUCT = YES;
			};
			name = Release;
		};
		03F0B3B225D21CCA00694657 /* Debug */ = {
			isa = XCBuildConfiguration;
			buildSettings = {
				ASSETCATALOG_COMPILER_APPICON_NAME = AppIcon;
				BUNDLE_DISPLAY_NAME = "Debug-SimpleChat";
				CURRENT_PROJECT_VERSION = 1;
				DEVELOPMENT_TEAM = LBMU5YZVN9;
				INFOPLIST_FILE = SimpleChat/Info.plist;
				LD_RUNPATH_SEARCH_PATHS = (
					"$(inherited)",
					"@executable_path/Frameworks",
				);
				MARKETING_VERSION = 1.0.0;
				PRODUCT_BUNDLE_IDENTIFIER = me.eriklopez.simplechat.debug;
				PRODUCT_NAME = "$(TARGET_NAME)";
			};
			name = Debug;
		};
		03F0B3B325D21CCA00694657 /* Release */ = {
			isa = XCBuildConfiguration;
			buildSettings = {
				ASSETCATALOG_COMPILER_APPICON_NAME = AppIcon;
				BUNDLE_DISPLAY_NAME = SimpleChat;
				CURRENT_PROJECT_VERSION = 1;
				DEVELOPMENT_TEAM = LBMU5YZVN9;
				INFOPLIST_FILE = SimpleChat/Info.plist;
				LD_RUNPATH_SEARCH_PATHS = (
					"$(inherited)",
					"@executable_path/Frameworks",
				);
				MARKETING_VERSION = 1.0.0;
				PRODUCT_BUNDLE_IDENTIFIER = me.eriklopez.simplechat;
				PRODUCT_NAME = "$(TARGET_NAME)";
			};
			name = Release;
		};
		03F0B3B525D21CCA00694657 /* Debug */ = {
			isa = XCBuildConfiguration;
			buildSettings = {
				ALWAYS_EMBED_SWIFT_STANDARD_LIBRARIES = YES;
				BUNDLE_LOADER = "$(TEST_HOST)";
				DEVELOPMENT_TEAM = LBMU5YZVN9;
				INFOPLIST_FILE = SimpleChatTests/Info.plist;
				LD_RUNPATH_SEARCH_PATHS = (
					"$(inherited)",
					"@executable_path/Frameworks",
					"@loader_path/Frameworks",
				);
				PRODUCT_BUNDLE_IDENTIFIER = me.eriklopez.SimpleChatTests;
				PRODUCT_NAME = "$(TARGET_NAME)";
				TEST_HOST = "$(BUILT_PRODUCTS_DIR)/SimpleChat.app/SimpleChat";
			};
			name = Debug;
		};
		03F0B3B625D21CCA00694657 /* Release */ = {
			isa = XCBuildConfiguration;
			buildSettings = {
				ALWAYS_EMBED_SWIFT_STANDARD_LIBRARIES = YES;
				BUNDLE_LOADER = "$(TEST_HOST)";
				DEVELOPMENT_TEAM = LBMU5YZVN9;
				INFOPLIST_FILE = SimpleChatTests/Info.plist;
				LD_RUNPATH_SEARCH_PATHS = (
					"$(inherited)",
					"@executable_path/Frameworks",
					"@loader_path/Frameworks",
				);
				PRODUCT_BUNDLE_IDENTIFIER = me.eriklopez.SimpleChatTests;
				PRODUCT_NAME = "$(TARGET_NAME)";
				TEST_HOST = "$(BUILT_PRODUCTS_DIR)/SimpleChat.app/SimpleChat";
			};
			name = Release;
		};
		03F0B3B825D21CCA00694657 /* Debug */ = {
			isa = XCBuildConfiguration;
			buildSettings = {
				ALWAYS_EMBED_SWIFT_STANDARD_LIBRARIES = YES;
				DEVELOPMENT_TEAM = LBMU5YZVN9;
				INFOPLIST_FILE = SimpleChatUITests/Info.plist;
				LD_RUNPATH_SEARCH_PATHS = (
					"$(inherited)",
					"@executable_path/Frameworks",
					"@loader_path/Frameworks",
				);
				PRODUCT_BUNDLE_IDENTIFIER = me.eriklopez.SimpleChatUITests;
				PRODUCT_NAME = "$(TARGET_NAME)";
				TEST_TARGET_NAME = SimpleChat;
			};
			name = Debug;
		};
		03F0B3B925D21CCA00694657 /* Release */ = {
			isa = XCBuildConfiguration;
			buildSettings = {
				ALWAYS_EMBED_SWIFT_STANDARD_LIBRARIES = YES;
				DEVELOPMENT_TEAM = LBMU5YZVN9;
				INFOPLIST_FILE = SimpleChatUITests/Info.plist;
				LD_RUNPATH_SEARCH_PATHS = (
					"$(inherited)",
					"@executable_path/Frameworks",
					"@loader_path/Frameworks",
				);
				PRODUCT_BUNDLE_IDENTIFIER = me.eriklopez.SimpleChatUITests;
				PRODUCT_NAME = "$(TARGET_NAME)";
				TEST_TARGET_NAME = SimpleChat;
			};
			name = Release;
		};
/* End XCBuildConfiguration section */

/* Begin XCConfigurationList section */
		03F0B38225D21CC700694657 /* Build configuration list for PBXProject "SimpleChat" */ = {
			isa = XCConfigurationList;
			buildConfigurations = (
				03F0B3AF25D21CCA00694657 /* Debug */,
				03F0B3B025D21CCA00694657 /* Release */,
			);
			defaultConfigurationIsVisible = 0;
			defaultConfigurationName = Release;
		};
		03F0B3B125D21CCA00694657 /* Build configuration list for PBXNativeTarget "SimpleChat" */ = {
			isa = XCConfigurationList;
			buildConfigurations = (
				03F0B3B225D21CCA00694657 /* Debug */,
				03F0B3B325D21CCA00694657 /* Release */,
			);
			defaultConfigurationIsVisible = 0;
			defaultConfigurationName = Release;
		};
		03F0B3B425D21CCA00694657 /* Build configuration list for PBXNativeTarget "SimpleChatTests" */ = {
			isa = XCConfigurationList;
			buildConfigurations = (
				03F0B3B525D21CCA00694657 /* Debug */,
				03F0B3B625D21CCA00694657 /* Release */,
			);
			defaultConfigurationIsVisible = 0;
			defaultConfigurationName = Release;
		};
		03F0B3B725D21CCA00694657 /* Build configuration list for PBXNativeTarget "SimpleChatUITests" */ = {
			isa = XCConfigurationList;
			buildConfigurations = (
				03F0B3B825D21CCA00694657 /* Debug */,
				03F0B3B925D21CCA00694657 /* Release */,
			);
			defaultConfigurationIsVisible = 0;
			defaultConfigurationName = Release;
		};
/* End XCConfigurationList section */
	};
	rootObject = 03F0B37F25D21CC700694657 /* Project object */;
}
